
Microsoft Visual Studio Solution File, Format Version 12.00
# Visual Studio Version 16
VisualStudioVersion = 16.0.28803.352
MinimumVisualStudioVersion = 10.0.40219.1
Project("{FAE04EC0-301F-11D3-BF4B-00C04F79EFBC}") = "ExercícioDeIPOO", "ExercícioDeIPOO\ExercícioDeIPOO.csproj", "{E268798E-974D-4800-AEED-605DE46A0328}"
EndProject
Global
	GlobalSection(SolutionConfigurationPlatforms) = preSolution
		Debug|Any CPU = Debug|Any CPU
		Release|Any CPU = Release|Any CPU
	EndGlobalSection
	GlobalSection(ProjectConfigurationPlatforms) = postSolution
		{E268798E-974D-4800-AEED-605DE46A0328}.Debug|Any CPU.ActiveCfg = Debug|Any CPU
		{E268798E-974D-4800-AEED-605DE46A0328}.Debug|Any CPU.Build.0 = Debug|Any CPU
		{E268798E-974D-4800-AEED-605DE46A0328}.Release|Any CPU.ActiveCfg = Release|Any CPU
		{E268798E-974D-4800-AEED-605DE46A0328}.Release|Any CPU.Build.0 = Release|Any CPU
	EndGlobalSection
	GlobalSection(SolutionProperties) = preSolution
		HideSolutionNode = FALSE
	EndGlobalSection
	GlobalSection(ExtensibilityGlobals) = postSolution
		SolutionGuid = {E0964E2B-9C35-4BAA-9557-0C4D66A2923B}
	EndGlobalSection
EndGlobal
