
Microsoft Visual Studio Solution File, Format Version 12.00
# Visual Studio Version 16
VisualStudioVersion = 16.0.28917.181
MinimumVisualStudioVersion = 10.0.40219.1
Project("{FAE04EC0-301F-11D3-BF4B-00C04F79EFBC}") = "BigBangTheoryBazinga", "BigBangTheoryBazinga\BigBangTheoryBazinga.csproj", "{BC76EFC7-0F96-49AF-B682-C283D2E570C8}"
EndProject
Global
	GlobalSection(SolutionConfigurationPlatforms) = preSolution
		Debug|Any CPU = Debug|Any CPU
		Release|Any CPU = Release|Any CPU
	EndGlobalSection
	GlobalSection(ProjectConfigurationPlatforms) = postSolution
		{BC76EFC7-0F96-49AF-B682-C283D2E570C8}.Debug|Any CPU.ActiveCfg = Debug|Any CPU
		{BC76EFC7-0F96-49AF-B682-C283D2E570C8}.Debug|Any CPU.Build.0 = Debug|Any CPU
		{BC76EFC7-0F96-49AF-B682-C283D2E570C8}.Release|Any CPU.ActiveCfg = Release|Any CPU
		{BC76EFC7-0F96-49AF-B682-C283D2E570C8}.Release|Any CPU.Build.0 = Release|Any CPU
	EndGlobalSection
	GlobalSection(SolutionProperties) = preSolution
		HideSolutionNode = FALSE
	EndGlobalSection
	GlobalSection(ExtensibilityGlobals) = postSolution
		SolutionGuid = {5D5109C3-C04C-4D2C-A9A3-7159B7C424D3}
	EndGlobalSection
EndGlobal
