
Microsoft Visual Studio Solution File, Format Version 12.00
# Visual Studio Version 16
VisualStudioVersion = 16.0.28803.352
MinimumVisualStudioVersion = 10.0.40219.1
Project("{FAE04EC0-301F-11D3-BF4B-00C04F79EFBC}") = "ExeFixAula23", "ExeFixAula23\ExeFixAula23.csproj", "{397BF46D-C9AD-43D0-B473-E5EE11E48290}"
EndProject
Global
	GlobalSection(SolutionConfigurationPlatforms) = preSolution
		Debug|Any CPU = Debug|Any CPU
		Release|Any CPU = Release|Any CPU
	EndGlobalSection
	GlobalSection(ProjectConfigurationPlatforms) = postSolution
		{397BF46D-C9AD-43D0-B473-E5EE11E48290}.Debug|Any CPU.ActiveCfg = Debug|Any CPU
		{397BF46D-C9AD-43D0-B473-E5EE11E48290}.Debug|Any CPU.Build.0 = Debug|Any CPU
		{397BF46D-C9AD-43D0-B473-E5EE11E48290}.Release|Any CPU.ActiveCfg = Release|Any CPU
		{397BF46D-C9AD-43D0-B473-E5EE11E48290}.Release|Any CPU.Build.0 = Release|Any CPU
	EndGlobalSection
	GlobalSection(SolutionProperties) = preSolution
		HideSolutionNode = FALSE
	EndGlobalSection
	GlobalSection(ExtensibilityGlobals) = postSolution
		SolutionGuid = {F59C3CBB-7E9F-405B-A7AD-CF310594DF34}
	EndGlobalSection
EndGlobal
