
Microsoft Visual Studio Solution File, Format Version 12.00
# Visual Studio Version 16
VisualStudioVersion = 16.0.28803.352
MinimumVisualStudioVersion = 10.0.40219.1
Project("{FAE04EC0-301F-11D3-BF4B-00C04F79EFBC}") = "Exe4EstruturaFor", "Exe4EstruturaFor\Exe4EstruturaFor.csproj", "{474A30D2-EBEE-4E43-A8A9-B10CA4BEF4D1}"
EndProject
Global
	GlobalSection(SolutionConfigurationPlatforms) = preSolution
		Debug|Any CPU = Debug|Any CPU
		Release|Any CPU = Release|Any CPU
	EndGlobalSection
	GlobalSection(ProjectConfigurationPlatforms) = postSolution
		{474A30D2-EBEE-4E43-A8A9-B10CA4BEF4D1}.Debug|Any CPU.ActiveCfg = Debug|Any CPU
		{474A30D2-EBEE-4E43-A8A9-B10CA4BEF4D1}.Debug|Any CPU.Build.0 = Debug|Any CPU
		{474A30D2-EBEE-4E43-A8A9-B10CA4BEF4D1}.Release|Any CPU.ActiveCfg = Release|Any CPU
		{474A30D2-EBEE-4E43-A8A9-B10CA4BEF4D1}.Release|Any CPU.Build.0 = Release|Any CPU
	EndGlobalSection
	GlobalSection(SolutionProperties) = preSolution
		HideSolutionNode = FALSE
	EndGlobalSection
	GlobalSection(ExtensibilityGlobals) = postSolution
		SolutionGuid = {D257BE10-58B4-433F-B4C7-B06A7363F726}
	EndGlobalSection
EndGlobal
