
Microsoft Visual Studio Solution File, Format Version 12.00
# Visual Studio Version 16
VisualStudioVersion = 16.0.28803.452
MinimumVisualStudioVersion = 10.0.40219.1
Project("{FAE04EC0-301F-11D3-BF4B-00C04F79EFBC}") = "ExeFixacaoMetodoEstatico", "ExeFixacaoMetodoEstatico\ExeFixacaoMetodoEstatico.csproj", "{7CB77ADC-B25C-40C8-BBDC-380AAB93D877}"
EndProject
Global
	GlobalSection(SolutionConfigurationPlatforms) = preSolution
		Debug|Any CPU = Debug|Any CPU
		Release|Any CPU = Release|Any CPU
	EndGlobalSection
	GlobalSection(ProjectConfigurationPlatforms) = postSolution
		{7CB77ADC-B25C-40C8-BBDC-380AAB93D877}.Debug|Any CPU.ActiveCfg = Debug|Any CPU
		{7CB77ADC-B25C-40C8-BBDC-380AAB93D877}.Debug|Any CPU.Build.0 = Debug|Any CPU
		{7CB77ADC-B25C-40C8-BBDC-380AAB93D877}.Release|Any CPU.ActiveCfg = Release|Any CPU
		{7CB77ADC-B25C-40C8-BBDC-380AAB93D877}.Release|Any CPU.Build.0 = Release|Any CPU
	EndGlobalSection
	GlobalSection(SolutionProperties) = preSolution
		HideSolutionNode = FALSE
	EndGlobalSection
	GlobalSection(ExtensibilityGlobals) = postSolution
		SolutionGuid = {554D9C8A-F22D-42BB-9E9B-5AA40AE8205C}
	EndGlobalSection
EndGlobal
