
Microsoft Visual Studio Solution File, Format Version 12.00
# Visual Studio Version 16
VisualStudioVersion = 16.0.28803.352
MinimumVisualStudioVersion = 10.0.40219.1
Project("{FAE04EC0-301F-11D3-BF4B-00C04F79EFBC}") = "Exe3EstruturaWhile", "Exe3EstruturaWhile\Exe3EstruturaWhile.csproj", "{557A0402-32C4-4FF5-9659-95E4F7AE673A}"
EndProject
Global
	GlobalSection(SolutionConfigurationPlatforms) = preSolution
		Debug|Any CPU = Debug|Any CPU
		Release|Any CPU = Release|Any CPU
	EndGlobalSection
	GlobalSection(ProjectConfigurationPlatforms) = postSolution
		{557A0402-32C4-4FF5-9659-95E4F7AE673A}.Debug|Any CPU.ActiveCfg = Debug|Any CPU
		{557A0402-32C4-4FF5-9659-95E4F7AE673A}.Debug|Any CPU.Build.0 = Debug|Any CPU
		{557A0402-32C4-4FF5-9659-95E4F7AE673A}.Release|Any CPU.ActiveCfg = Release|Any CPU
		{557A0402-32C4-4FF5-9659-95E4F7AE673A}.Release|Any CPU.Build.0 = Release|Any CPU
	EndGlobalSection
	GlobalSection(SolutionProperties) = preSolution
		HideSolutionNode = FALSE
	EndGlobalSection
	GlobalSection(ExtensibilityGlobals) = postSolution
		SolutionGuid = {D0300B6B-A98D-4971-9227-4C7738B70820}
	EndGlobalSection
EndGlobal
